
Microsoft Visual Studio Solution File, Format Version 12.00
# Visual Studio Version 16
VisualStudioVersion = 16.0.31702.278
MinimumVisualStudioVersion = 10.0.40219.1
Project("{FAE04EC0-301F-11D3-BF4B-00C04F79EFBC}") = "FsProject", "FsProject.csproj", "{D20BFAD2-C9B2-46B3-B6B2-98F0D262F1D1}"
EndProject
Global
	GlobalSection(SolutionConfigurationPlatforms) = preSolution
		Debug|Any CPU = Debug|Any CPU
		Release|Any CPU = Release|Any CPU
	EndGlobalSection
	GlobalSection(ProjectConfigurationPlatforms) = postSolution
		{D20BFAD2-C9B2-46B3-B6B2-98F0D262F1D1}.Debug|Any CPU.ActiveCfg = Debug|Any CPU
		{D20BFAD2-C9B2-46B3-B6B2-98F0D262F1D1}.Debug|Any CPU.Build.0 = Debug|Any CPU
		{D20BFAD2-C9B2-46B3-B6B2-98F0D262F1D1}.Release|Any CPU.ActiveCfg = Release|Any CPU
		{D20BFAD2-C9B2-46B3-B6B2-98F0D262F1D1}.Release|Any CPU.Build.0 = Release|Any CPU
	EndGlobalSection
	GlobalSection(SolutionProperties) = preSolution
		HideSolutionNode = FALSE
	EndGlobalSection
	GlobalSection(ExtensibilityGlobals) = postSolution
		SolutionGuid = {B222B768-B582-4EB1-B164-3827B245CD08}
	EndGlobalSection
EndGlobal
